# This file was autogenerated by Stack.
# You should not edit this file by hand.
# For more information, please see the documentation at:
#   https://docs.haskellstack.org/en/stable/lock_files

packages:
- completed:
    hackage: optimization-0.1.9@sha256:2f1b6f029411456056860005e76884e82b037129397090c1b4eef208bc95e559,2643
    pantry-tree:
      size: 1533
      sha256: 4abadcfccecbe39c032aac20a82b82641157c5c32e73ffb0f34215ce90dd01e6
  original:
    hackage: optimization-0.1.9
- completed:
    hackage: distributive-0.5.3@sha256:f367b4841d923133f979dd9acb78d76db408ea25242794fcded987e1321a6d19,2787
    pantry-tree:
      size: 909
      sha256: f1597c5c9f885e13bb635c63df044223f2f57a666c010eff74bba7d0ce1f494f
  original:
    hackage: distributive-0.5.3
- completed:
    hackage: limp-0.3.2.3@sha256:d2802905557ebabe27f2146b0e4e7695998a8d5a170bfa5ab34a7a5ecc0148db,3257
    pantry-tree:
      size: 2747
      sha256: 037eb43de05a562aa89af3a0085c61ca3ef362a3c9719ec842a42967ba2f13d9
  original:
    hackage: limp-0.3.2.3
- completed:
    hackage: limp-cbc-0.3.2.3@sha256:285f01fa4f4638ac821fb3549d7046abcf44993e4ae747996bd96c0bf24a0887,18358
    pantry-tree:
      size: 32666
      sha256: a3a6d835e831a468556d8d8d056df8b542fde0500bbc88bce8f6cda38478951b
  original:
    hackage: limp-cbc-0.3.2.3
- completed:
    hackage: glpk-hs-0.5@sha256:cc4996b33008fccce56c66c2862f53ead722d1e09a841d003f46851d75c2d7b8,2129
    pantry-tree:
      size: 1395
      sha256: 2eb2556feefbeeb9097391744d7625cef10c3225ff1377763e08e3d5cfd72154
  original:
    hackage: glpk-hs-0.5
- completed:
    hackage: gasp-1.1.0.0@sha256:14b3cd6f541ff3a4169147c9f461ca30a4c75b78da5c7292f88d241cb35892c0,633
    pantry-tree:
      size: 208
      sha256: 6cb716fc7e0be126f1e1f854172c4068077479d2f8282bb58d3b8411663039de
  original:
    hackage: gasp-1.1.0.0
snapshots:
- completed:
    size: 498186
    url: https://raw.githubusercontent.com/commercialhaskell/stackage-snapshots/master/lts/13/22.yaml
    sha256: d4f07dc3d5658260c2fe34266ad7618f6c84d34decf559c9c786ac1cfccf4e7b
  original: lts-13.22
