# This file was autogenerated by Stack.
# You should not edit this file by hand.
# For more information, please see the documentation at:
#   https://docs.haskellstack.org/en/stable/lock_files

packages:
- completed:
    hackage: optimization-0.1.9@sha256:2f1b6f029411456056860005e76884e82b037129397090c1b4eef208bc95e559,2643
    pantry-tree:
      size: 1533
      sha256: 4abadcfccecbe39c032aac20a82b82641157c5c32e73ffb0f34215ce90dd01e6
  original:
    hackage: optimization-0.1.9
- completed:
    hackage: distributive-0.5.3@sha256:f367b4841d923133f979dd9acb78d76db408ea25242794fcded987e1321a6d19,2787
    pantry-tree:
      size: 909
      sha256: f1597c5c9f885e13bb635c63df044223f2f57a666c010eff74bba7d0ce1f494f
  original:
    hackage: distributive-0.5.3
- completed:
    hackage: gasp-1.1.0.0@sha256:14b3cd6f541ff3a4169147c9f461ca30a4c75b78da5c7292f88d241cb35892c0,633
    pantry-tree:
      size: 208
      sha256: 6cb716fc7e0be126f1e1f854172c4068077479d2f8282bb58d3b8411663039de
  original:
    hackage: gasp-1.1.0.0
- completed:
    cabal-file:
      size: 2582
      sha256: e70c66ece7ab22ea30ce6e8663e4e7de15befe82e87e69e0cc71330016e63de7
    name: glpk-hs
    version: 0.6.1
    git: https://github.com/marlls1989/glpk-hs.git
    pantry-tree:
      size: 1609
      sha256: 62f9769cef79828a57e6df36e6ca065537ba4738b646f29b397aee27749a35f5
    commit: 3be20e60344c1751629a57dbb45927ee33ee35c9
  original:
    git: https://github.com/marlls1989/glpk-hs.git
    commit: 3be20e60344c1751629a57dbb45927ee33ee35c9
snapshots:
- completed:
    size: 498186
    url: https://raw.githubusercontent.com/commercialhaskell/stackage-snapshots/master/lts/13/22.yaml
    sha256: d4f07dc3d5658260c2fe34266ad7618f6c84d34decf559c9c786ac1cfccf4e7b
  original: lts-13.22
